{
  "name": "blinc_ts-adapters",
  "version": "0.0.0",
  "lockfileVersion": 3,
  "requires": true,
  "packages": {
    "": {
      "name": "blinc_ts-adapters",
      "version": "0.0.0",
      "dependencies": {
        "blinc_ts": "file:.."
      },
      "devDependencies": {
        "@vue/runtime-core": "3.5.43"
      }
    },
    "..": {
      "version": "0.0.0",
      "license": "Apache-2.0",
      "devDependencies": {
        "@eslint/js": "10.0.1",
        "@resvg/resvg-js": "2.6.2",
        "@types/node": "24.19.1",
        "@types/pngjs": "6.0.5",
        "@webgpu/types": "0.1.74",
        "eslint": "10.12.0",
        "eslint-config-prettier": "10.1.8",
        "globals": "17.13.0",
        "pngjs": "7.0.0",
        "prettier": "3.9.9",
        "typegpu": "0.12.7",
        "typescript": "6.0.3",
        "typescript-eslint": "8.71.1",
        "unplugin-typegpu": "0.12.5",
        "vite": "8.3.3"
      },
      "engines": {
        "node": ">=22.13.0"
      },
      "peerDependencies": {
        "typegpu": "^0.12.7",
        "vite": "^8.0.0"
      },
      "peerDependenciesMeta": {
        "typegpu": {
          "optional": true
        },
        "vite": {
          "optional": true
        }
      }
    },
    "node_modules/@vue/reactivity": {
      "version": "3.5.43",
      "resolved": "https://registry.npmjs.org/@vue/reactivity/-/reactivity-3.5.43.tgz",
      "integrity": "sha512-G/c9GyOZNI2jVaaS6OX1EF1SSFSv7H0ERqNTl4+DTFMlZmB5eVAB53aLQNam/7NL2NPtaDD7RdVrzf8uJzMuOA==",
      "dev": true,
      "license": "MIT",
      "dependencies": {
        "@vue/shared": "3.5.43"
      }
    },
    "node_modules/@vue/runtime-core": {
      "version": "3.5.43",
      "resolved": "https://registry.npmjs.org/@vue/runtime-core/-/runtime-core-3.5.43.tgz",
      "integrity": "sha512-hU6U6VnVhBGQDpvlnnDlIB8ZGJBiOcgk2lh/0InltHiz3D8oSkluvuvY+do1G2H3+udeKFsmaBlgVYP7gXQzEw==",
      "dev": true,
      "license": "MIT",
      "dependencies": {
        "@vue/reactivity": "3.5.43",
        "@vue/shared": "3.5.43"
      }
    },
    "node_modules/@vue/shared": {
      "version": "3.5.43",
      "resolved": "https://registry.npmjs.org/@vue/shared/-/shared-3.5.43.tgz",
      "integrity": "sha512-uksS7YGMR5NZyr4JNq0Rp+QyLns0ueaz20KwzIPW9R0LH1Vnt4E+XUM29PNseEbf1www2gOuhuDi5AKOIXag9Q==",
      "dev": true,
      "license": "MIT"
    },
    "node_modules/blinc_ts": {
      "resolved": "..",
      "link": true
    }
  }
}
